# This file was autogenerated by uv via the following command:
#    uv pip compile --python .venv-app-build/bin/python --python-platform aarch64-apple-darwin --generate-hashes packaging/macos/requirements-pins.txt -o packaging/macos/requirements.lock
altgraph==0.17.5 \
    --hash=sha256:c87b395dd12fabde9c99573a9749d67da8d29ef9de0125c7f536699b4a9bc9e7 \
    --hash=sha256:f3a22400bce1b0c701683820ac4f3b159cd301acab067c51c653e06961600597
    # via
    #   -r packaging/macos/requirements-pins.txt
    #   macholib
    #   pyinstaller
build==1.3.0 \
    --hash=sha256:698edd0ea270bde950f53aed21f3a0135672206f3911e0176261a31e0e07b397 \
    --hash=sha256:7145f0b5061ba90a1500d60bd1b13ca0a8a4cebdd0cc16ed8adf1c0e739f43b4
    # via -r packaging/macos/requirements-pins.txt
click==8.5.0 \
    --hash=sha256:255bc9599cf7748b4b1a446ccc735421bd08a2ae529a8b88597d3de5664ee360 \
    --hash=sha256:ba0d2089de75ea0310e2dde03160e6ca10009947fb95a182f9b54021bb272e34
    # via
    #   -r packaging/macos/requirements-pins.txt
    #   typer
hatchling==1.27.0 \
    --hash=sha256:971c296d9819abb3811112fc52c7a9751c8d381898f36533bb16f9791e941fd6 \
    --hash=sha256:d3a2f3567c4f926ea39849cdf924c7e99e6686c9c8e288ae1037c8fa2a5d937b
    # via -r packaging/macos/requirements-pins.txt
iniconfig==2.3.0 \
    --hash=sha256:c76315c77db068650d49c5b56314774a7804df16fee4402c1f19d6d15d8c4730 \
    --hash=sha256:f631c04d2c48c52b84d0d0549c99ff3859c98df65b3101406327ecc7d53fbf12
    # via
    #   -r packaging/macos/requirements-pins.txt
    #   pytest
macholib==1.16.4 \
    --hash=sha256:da1a3fa8266e30f0ce7e97c6a54eefaae8edd1e5f86f3eb8b95457cae90265ea \
    --hash=sha256:f408c93ab2e995cd2c46e34fe328b130404be143469e41bc366c807448979362
    # via
    #   -r packaging/macos/requirements-pins.txt
    #   pyinstaller
markdown-it-py==4.2.0 \
    --hash=sha256:04a21681d6fbb623de53f6f364d352309d4094dd4194040a10fd51833e418d49 \
    --hash=sha256:9f7ebbcd14fe59494226453aed97c1070d83f8d24b6fc3a3bcf9a38092641c4a
    # via
    #   -r packaging/macos/requirements-pins.txt
    #   rich
mdurl==0.1.2 \
    --hash=sha256:84008a41e51615a49fc9966191ff91509e3c40b939176e643fd50a5c2196b8f8 \
    --hash=sha256:bb413d29f5eea38f31dd4754dd7377d4465116fb207585f97bf925588687c1ba
    # via
    #   -r packaging/macos/requirements-pins.txt
    #   markdown-it-py
packaging==26.3 \
    --hash=sha256:94edc256424af38762eb31306eed28beb9f0efc50a8837492c9d6fd6004aed79 \
    --hash=sha256:d7193f7c8e4e93f444fde0262bf90af30e16fa0ad0ad44cb553c87339b23cd1c
    # via
    #   -r packaging/macos/requirements-pins.txt
    #   build
    #   hatchling
    #   pyinstaller
    #   pyinstaller-hooks-contrib
    #   pytest
pathspec==1.1.1 \
    --hash=sha256:17db5ecd524104a120e173814c90367a96a98d07c45b2e10c2f3919fff91bf5a \
    --hash=sha256:a00ce642f577bf7f473932318056212bc4f8bfdf53128c78bbd5af0b9b20b189
    # via
    #   -r packaging/macos/requirements-pins.txt
    #   hatchling
pillow==12.0.0 \
    --hash=sha256:0869154a2d0546545cde61d1789a6524319fc1897d9ee31218eae7a60ccc5643 \
    --hash=sha256:09f2d0abef9e4e2f349305a4f8cc784a8a6c2f58a8c4892eea13b10a943bd26e \
    --hash=sha256:0b817e7035ea7f6b942c13aa03bb554fc44fea70838ea21f8eb31c638326584e \
    --hash=sha256:0fd00cac9c03256c8b2ff58f162ebcd2587ad3e1f2e397eab718c47e24d231cc \
    --hash=sha256:110486b79f2d112cf6add83b28b627e369219388f64ef2f960fef9ebaf54c642 \
    --hash=sha256:1979f4566bb96c1e50a62d9831e2ea2d1211761e5662afc545fa766f996632f6 \
    --hash=sha256:1ac11e8ea4f611c3c0147424eae514028b5e9077dd99ab91e1bd7bc33ff145e1 \
    --hash=sha256:1b1b133e6e16105f524a8dec491e0586d072948ce15c9b914e41cdadd209052b \
    --hash=sha256:1ee80a59f6ce048ae13cda1abf7fbd2a34ab9ee7d401c46be3ca685d1999a399 \
    --hash=sha256:21f241bdd5080a15bc86d3466a9f6074a9c2c2b314100dd896ac81ee6db2f1ba \
    --hash=sha256:266cd5f2b63ff316d5a1bba46268e603c9caf5606d44f38c2873c380950576ad \
    --hash=sha256:26d9f7d2b604cd23aba3e9faf795787456ac25634d82cd060556998e39c6fa47 \
    --hash=sha256:27f95b12453d165099c84f8a8bfdfd46b9e4bda9e0e4b65f0635430027f55739 \
    --hash=sha256:2c54c1a783d6d60595d3514f0efe9b37c8808746a66920315bfd34a938d7994b \
    --hash=sha256:2fa5f0b6716fc88f11380b88b31fe591a06c6315e955c096c35715788b339e3f \
    --hash=sha256:32ed80ea8a90ee3e6fa08c21e2e091bba6eda8eccc83dbc34c95169507a91f10 \
    --hash=sha256:3830c769decf88f1289680a59d4f4c46c72573446352e2befec9a8512104fa52 \
    --hash=sha256:38df9b4bfd3db902c9c2bd369bcacaf9d935b2fff73709429d95cc41554f7b3d \
    --hash=sha256:3adfb466bbc544b926d50fe8f4a4e6abd8c6bffd28a26177594e6e9b2b76572b \
    --hash=sha256:3e42edad50b6909089750e65c91aa09aaf1e0a71310d383f11321b27c224ed8a \
    --hash=sha256:4078242472387600b2ce8d93ade8899c12bf33fa89e55ec89fe126e9d6d5d9e9 \
    --hash=sha256:455247ac8a4cfb7b9bc45b7e432d10421aea9fc2e74d285ba4072688a74c2e9d \
    --hash=sha256:4cc6b3b2efff105c6a1656cfe59da4fdde2cda9af1c5e0b58529b24525d0a098 \
    --hash=sha256:4cf7fed4b4580601c4345ceb5d4cbf5a980d030fd5ad07c4d2ec589f95f09905 \
    --hash=sha256:5193fde9a5f23c331ea26d0cf171fbf67e3f247585f50c08b3e205c7aeb4589b \
    --hash=sha256:5269cc1caeedb67e6f7269a42014f381f45e2e7cd42d834ede3c703a1d915fe3 \
    --hash=sha256:53561a4ddc36facb432fae7a9d8afbfaf94795414f5cdc5fc52f28c1dca90371 \
    --hash=sha256:55f818bd74fe2f11d4d7cbc65880a843c4075e0ac7226bc1a23261dbea531953 \
    --hash=sha256:58eea5ebe51504057dd95c5b77d21700b77615ab0243d8152793dc00eb4faf01 \
    --hash=sha256:5d5c411a8eaa2299322b647cd932586b1427367fd3184ffbb8f7a219ea2041ca \
    --hash=sha256:6846bd2d116ff42cba6b646edf5bf61d37e5cbd256425fa089fee4ff5c07a99e \
    --hash=sha256:6ace95230bfb7cd79ef66caa064bbe2f2a1e63d93471c3a2e1f1348d9f22d6b7 \
    --hash=sha256:6e51b71417049ad6ab14c49608b4a24d8fb3fe605e5dfabfe523b58064dc3d27 \
    --hash=sha256:71db6b4c1653045dacc1585c1b0d184004f0d7e694c7b34ac165ca70c0838082 \
    --hash=sha256:7438839e9e053ef79f7112c881cef684013855016f928b168b81ed5835f3e75e \
    --hash=sha256:759de84a33be3b178a64c8ba28ad5c135900359e85fb662bc6e403ad4407791d \
    --hash=sha256:792a2c0be4dcc18af9d4a2dfd8a11a17d5e25274a1062b0ec1c2d79c76f3e7f8 \
    --hash=sha256:7d87ef5795da03d742bf49439f9ca4d027cde49c82c5371ba52464aee266699a \
    --hash=sha256:7dfb439562f234f7d57b1ac6bc8fe7f838a4bd49c79230e0f6a1da93e82f1fad \
    --hash=sha256:7fa22993bac7b77b78cae22bad1e2a987ddf0d9015c63358032f84a53f23cdc3 \
    --hash=sha256:805ebf596939e48dbb2e4922a1d3852cfc25c38160751ce02da93058b48d252a \
    --hash=sha256:82240051c6ca513c616f7f9da06e871f61bfd7805f566275841af15015b8f98d \
    --hash=sha256:87d4f8125c9988bfbed67af47dd7a953e2fc7b0cc1e7800ec6d2080d490bb353 \
    --hash=sha256:8d8ca2b210ada074d57fcee40c30446c9562e542fc46aedc19baf758a93532ee \
    --hash=sha256:8dc232e39d409036af549c86f24aed8273a40ffa459981146829a324e0848b4b \
    --hash=sha256:90387104ee8400a7b4598253b4c406f8958f59fcf983a6cea2b50d59f7d63d0b \
    --hash=sha256:905b0365b210c73afb0ebe9101a32572152dfd1c144c7e28968a331b9217b94a \
    --hash=sha256:99353a06902c2e43b43e8ff74ee65a7d90307d82370604746738a1e0661ccca7 \
    --hash=sha256:99a7f72fb6249302aa62245680754862a44179b545ded638cf1fef59befb57ef \
    --hash=sha256:9f0b04c6b8584c2c193babcccc908b38ed29524b29dd464bc8801bf10d746a3a \
    --hash=sha256:9fe611163f6303d1619bbcb653540a4d60f9e55e622d60a3108be0d5b441017a \
    --hash=sha256:a3475b96f5908b3b16c47533daaa87380c491357d197564e0ba34ae75c0f3257 \
    --hash=sha256:a6597ff2b61d121172f5844b53f21467f7082f5fb385a9a29c01414463f93b07 \
    --hash=sha256:a7921c5a6d31b3d756ec980f2f47c0cfdbce0fc48c22a39347a895f41f4a6ea4 \
    --hash=sha256:aa5129de4e174daccbc59d0a3b6d20eaf24417d59851c07ebb37aeb02947987c \
    --hash=sha256:aeaefa96c768fc66818730b952a862235d68825c178f1b3ffd4efd7ad2edcb7c \
    --hash=sha256:afbefa430092f71a9593a99ab6a4e7538bc9eabbf7bf94f91510d3503943edc4 \
    --hash=sha256:aff9e4d82d082ff9513bdd6acd4f5bd359f5b2c870907d2b0a9c5e10d40c88fe \
    --hash=sha256:b22bd8c974942477156be55a768f7aa37c46904c175be4e158b6a86e3a6b7ca8 \
    --hash=sha256:b290fd8aa38422444d4b50d579de197557f182ef1068b75f5aa8558638b8d0a5 \
    --hash=sha256:b2e4b27a6e15b04832fe9bf292b94b5ca156016bbc1ea9c2c20098a0320d6cf6 \
    --hash=sha256:b583dc9070312190192631373c6c8ed277254aa6e6084b74bdd0a6d3b221608e \
    --hash=sha256:b87843e225e74576437fd5b6a4c2205d422754f84a06942cfaf1dc32243e45a8 \
    --hash=sha256:bc91a56697869546d1b8f0a3ff35224557ae7f881050e99f615e0119bf934b4e \
    --hash=sha256:bd87e140e45399c818fac4247880b9ce719e4783d767e030a883a970be632275 \
    --hash=sha256:bde737cff1a975b70652b62d626f7785e0480918dece11e8fef3c0cf057351c3 \
    --hash=sha256:bdee52571a343d721fb2eb3b090a82d959ff37fc631e3f70422e0c2e029f3e76 \
    --hash=sha256:bee2a6db3a7242ea309aa7ee8e2780726fed67ff4e5b40169f2c940e7eb09227 \
    --hash=sha256:beeae3f27f62308f1ddbcfb0690bf44b10732f2ef43758f169d5e9303165d3f9 \
    --hash=sha256:c50f36a62a22d350c96e49ad02d0da41dbd17ddc2e29750dbdba4323f85eb4a5 \
    --hash=sha256:c607c90ba67533e1b2355b821fef6764d1dd2cbe26b8c1005ae84f7aea25ff79 \
    --hash=sha256:c7b2a63fd6d5246349f3d3f37b14430d73ee7e8173154461785e43036ffa96ca \
    --hash=sha256:c828a1ae702fc712978bda0320ba1b9893d99be0badf2647f693cc01cf0f04fa \
    --hash=sha256:c85de1136429c524e55cfa4e033b4a7940ac5c8ee4d9401cc2d1bf48154bbc7b \
    --hash=sha256:c98fa880d695de164b4135a52fd2e9cd7b7c90a9d8ac5e9e443a24a95ef9248e \
    --hash=sha256:cae81479f77420d217def5f54b5b9d279804d17e982e0f2fa19b1d1e14ab5197 \
    --hash=sha256:d034140032870024e6b9892c692fe2968493790dd57208b2c37e3fb35f6df3ab \
    --hash=sha256:d120c38a42c234dc9a8c5de7ceaaf899cf33561956acb4941653f8bdc657aa79 \
    --hash=sha256:d4827615da15cd59784ce39d3388275ec093ae3ee8d7f0c089b76fa87af756c2 \
    --hash=sha256:d49e2314c373f4c2b39446fb1a45ed333c850e09d0c59ac79b72eb3b95397363 \
    --hash=sha256:d52610d51e265a51518692045e372a4c363056130d922a7351429ac9f27e70b0 \
    --hash=sha256:d64317d2587c70324b79861babb9c09f71fbb780bad212018874b2c013d8600e \
    --hash=sha256:d77153e14b709fd8b8af6f66a3afbb9ed6e9fc5ccf0b6b7e1ced7b036a228782 \
    --hash=sha256:d7e091d464ac59d2c7ad8e7e08105eaf9dafbc3883fd7265ffccc2baad6ac925 \
    --hash=sha256:dd333073e0cacdc3089525c7df7d39b211bcdf31fc2824e49d01c6b6187b07d0 \
    --hash=sha256:e5d8efac84c9afcb40914ab49ba063d94f5dbdf5066db4482c66a992f47a3a3b \
    --hash=sha256:f135c702ac42262573fe9714dfe99c944b4ba307af5eb507abef1667e2cbbced \
    --hash=sha256:f13711b1a5ba512d647a0e4ba79280d3a9a045aaf7e0cc6fbe96b91d4cdf6b0c \
    --hash=sha256:f4f1231b7dec408e8670264ce63e9c71409d9583dd21d32c163e25213ee2a344 \
    --hash=sha256:fa3ed2a29a9e9d2d488b4da81dcb54720ac3104a20bf0bd273f1e4648aff5af9 \
    --hash=sha256:fb3096c30df99fd01c7bf8e544f392103d0795b9f98ba71a8054bcbf56b255f1
    # via
    #   -r packaging/macos/requirements-pins.txt
    #   pillow-heif
pillow-heif==1.1.1 \
    --hash=sha256:03ba3f7e8b13b07636f5a87a6ec5ed1e39b2aa20d4b645b83c80d40be0abeb50 \
    --hash=sha256:08787cc64b4a519789a348f137b914981ce520d4b906e09e2b8e974c87e3e215 \
    --hash=sha256:0b6ae0b002ecc7873273ded99aaffa567f7806f4bc57ee1eff7ab5fe1f70e5e7 \
    --hash=sha256:0ea9c72f5cbe1b35229be883797eb7f113d2e7353dc21a66fd813a33d95a16b3 \
    --hash=sha256:16f83a7e0ad3aa4209ae592db2842d35faab21b44d269fb3b1145e07ecbecebc \
    --hash=sha256:18db6c78b8fa52065339ffb69739f5c45748c0b5f836349f0aba786f7bb905ab \
    --hash=sha256:1d35e973b2463b03f7b0bd5c898c7a424a46d69f7c20a9c251b322dfe4f45068 \
    --hash=sha256:207b067228b7b91cd48302281140f13cd149d2263866269e274053544ad6e930 \
    --hash=sha256:24416955115a31d704af9505056daab49197f6ce13bad6b092343b984f6c87f8 \
    --hash=sha256:2fa5253dc6491d457425db34326f78638ea65938be4a631edd4b7198d7d088ab \
    --hash=sha256:34e36485409468816227fbbf59b8ae4c7567702e066ca6e2a8b5e423a7a2fe92 \
    --hash=sha256:36e98bee9cd707b1daa865fec0ff505431746587ce471b44b5eab61a115e800a \
    --hash=sha256:39ea2fe8878e722bdfaf30a9b711629c3a4b8a0627b70a833f7381cbd3ef8e87 \
    --hash=sha256:3d296f874bea4dd17bab7309b843a766834d2b5df53c591eaf3f7cdc91a4c1a3 \
    --hash=sha256:561e8086128df0aeb6ea68b4fd60bb18428a65099f95349a6674718e4f8132bd \
    --hash=sha256:57c140368c7ddefa20ecb9b737b4af2d2d5ea0806d1d59be4c525e6a73e6aa72 \
    --hash=sha256:5ebe3b7f707b984c8886f367697531d004967b7d8949a34645c7bc1c6a888fe6 \
    --hash=sha256:7048eb0ecae3b230f086ec913ab2798dcf21d0301edecf3061b34ed50a5d4411 \
    --hash=sha256:7520b37f183f5339c9a0dbdd4cae468cc7d7f191fff26fd18d8d96cf69089994 \
    --hash=sha256:75d79393fcbcc50ef7a01b7dd5b716e08f78bd5542ded6e4c51121f59d5be8da \
    --hash=sha256:7f19389ffeb3866f95370eb917e6a32706c110a9fa670daefb63b5660948a82e \
    --hash=sha256:7fc8273124fe96d83fd6dee9476a5b58b6338cb41ffe97581fc2e8f17c97864c \
    --hash=sha256:8269cae2e0232f73bda5128181a42fbbb562c29b76fbcced22fef70a61b94dbe \
    --hash=sha256:88a150a28bd633014a6033f7f0172be5ab4ea05aa24c17e8496847fd07f87250 \
    --hash=sha256:8a01644c3c4bc576437c05e1ece4b89814fc381684f5d7926850e01d6e9b6502 \
    --hash=sha256:8d5fa5539ff3c7bbe64aa446c10bf10f6d8c1604997a66b195bec02e2965eb10 \
    --hash=sha256:946d7a789dea87f09d18ec1a0c274d7821a556d7867a52d6f910ffd3bd33e465 \
    --hash=sha256:9af92c2a3492b9bb4625b1f6ec7da17ec185e6b77d519d71c06d7e79c65a6f9e \
    --hash=sha256:9b31fd9b5b3c3f056f98f806e2ffe0f54710700045e28f68568753e56101d2ca \
    --hash=sha256:9c9f6911a6107f9ac4194d3793a36df0b43352ceb13dd379c8ecfbd24b6ca53f \
    --hash=sha256:a0f2d68af87d5e1f6af0db021b61f62e456f413eba98ea7723d7f49f2a6f1f01 \
    --hash=sha256:a2e6d4f7209aade2d55bbbcdbbbe623118722bcc7a12edef15cf4ee0d8586c3e \
    --hash=sha256:a37999e53c0cd32401667303e0b34c43240c32530809827091fabc7eb04d7cad \
    --hash=sha256:a3cdb939e4d6d4879f09edd9225d0813350ecae1901b8ea7a1172caf9e644ba5 \
    --hash=sha256:aac2c3634ee420bb30e19090a1e1870e6ed12717020891cd6ffd34c3cca5c412 \
    --hash=sha256:ac0fc8523a77c351991f78766d41290241dd87fbe036b6f777c49f2bd3561119 \
    --hash=sha256:ac61bba9b67afa59f0872d3fd3dd54a28937acf2edc1cfcf18a71f89f2c3e760 \
    --hash=sha256:b3a66c7d3a4ad2f9f6d08b81e102210e1b676039dbd2522b88b6957ada2186e3 \
    --hash=sha256:bbcebadabbce24134f602c50db0ebf5632d9ef80a04c5167964c419b3d2f14a5 \
    --hash=sha256:c5db8a8ee7ee4b1311f81d223d32538d63a73adc2ece7610a9f19519856c8e68 \
    --hash=sha256:c85fa6f9c0c2c572b1b146443813519ca9a942ef51e92858387c6dca2bbc42f9 \
    --hash=sha256:c8c8e1a561877006a5a0b654392e614c879d9e4db89d0786a94fe9f5773bcacb \
    --hash=sha256:ca64d2e83b28ae7f194640e1c6d5d842de8f061845a4fd700a4ab7efb9df15f9 \
    --hash=sha256:da66c0c6b119042dda6efb67ca30fcb00f0715eb6205e5636ab487d76f1699ad \
    --hash=sha256:dcc25739ceff0701d32693de8e5b65ff92163638f1c3c2466e203b7b978b8ddc \
    --hash=sha256:dea5f8a304e6b7fee3f76ac7756962af72e51bafab1bba07993a8c8fc57d5a79 \
    --hash=sha256:e2a1eca5eca44336ea213a7acd9b50572e15d77b6065c962cc9f61137b6a5b55 \
    --hash=sha256:e486b15696a958a04178aa9ff7f7db4f803d1ec7bbded924671576125c052ed5 \
    --hash=sha256:f2aa06fb0426d129526dcf6c0b10e1504d2de4b99f11f4e8dc029f186b53f4a3 \
    --hash=sha256:f60e8c8a8928556104cec4fff39d43caa1da105625bdb53b11ce3c89d09b6bde \
    --hash=sha256:f9b08c81602ffd660cd27456fbfa3cbf396cf23bb39d3015cc7a6cd56ade82fd \
    --hash=sha256:fe2567cd7e14cc50af9d44eab0d2a29a1579c803aa52c5b9065c0f370439eb87 \
    --hash=sha256:ff158ff338082d39864abd31c69ae2ee57de3f193c85ccbe365f4d7260712229
    # via -r packaging/macos/requirements-pins.txt
pluggy==1.6.0 \
    --hash=sha256:7dcc130b76258d33b90f61b658791dede3486c3e6bfb003ee5c9bfb396dd22f3 \
    --hash=sha256:e920276dd6813095e9377c0bc5566d94c932c33b27a3e3945d8389c374dd4746
    # via
    #   -r packaging/macos/requirements-pins.txt
    #   hatchling
    #   pytest
prompt-toolkit==3.0.53 \
    --hash=sha256:01c0891d7f9237d5e339f7d3e42cdae80b7534abb1c7c0e3352efba6231492f2 \
    --hash=sha256:9ec8a0ad96d5c56148b3f914aa79c1564c3fde5d2e6b876e7bc327e353cf8fa6
    # via
    #   -r packaging/macos/requirements-pins.txt
    #   questionary
pygments==2.21.0 \
    --hash=sha256:2363c69b61c4a97c838da3b130dcd6468f4848992b21a82f2a63ec34377137d9 \
    --hash=sha256:610ca751c9bc2492b38eb9a38a7fbc93edbbb2d7182edaf34e66ae493dee5c8c
    # via
    #   -r packaging/macos/requirements-pins.txt
    #   pytest
    #   rich
pyinstaller==6.16.0 \
    --hash=sha256:0a48f55b85ff60f83169e10050f2759019cf1d06773ad1c4da3a411cd8751058 \
    --hash=sha256:53559fe1e041a234f2b4dcc3288ea8bdd57f7cad8a6644e422c27bb407f3edef \
    --hash=sha256:6d5f8617f3650ff9ef893e2ab4ddbf3c0d23d0c602ef74b5df8fbef4607840c8 \
    --hash=sha256:73ba72e04fcece92e32518bbb1e1fb5ac2892677943dfdff38e01a06e8742851 \
    --hash=sha256:7fd1c785219a87ca747c21fa92f561b0d2926a7edc06d0a0fe37f3736e00bd7a \
    --hash=sha256:b1752488248f7899281b17ca3238eefb5410521291371a686a4f5830f29f52b3 \
    --hash=sha256:b756ddb9007b8141c5476b553351f9d97559b8af5d07f9460869bfae02be26b0 \
    --hash=sha256:ba618a61627ee674d6d68e5de084ba17c707b59a4f2a856084b3999bdffbd3f0 \
    --hash=sha256:bc10eb1a787f99fea613509f55b902fbd2d8b73ff5f51ff245ea29a481d97d41 \
    --hash=sha256:c8b7ef536711617e12fef4673806198872033fa06fa92326ad7fd1d84a9fa454 \
    --hash=sha256:d0af8a401de792c233c32c44b16d065ca9ab8262ee0c906835c12bdebc992a64 \
    --hash=sha256:d1ebf84d02c51fed19b82a8abb4df536923abd55bb684d694e1356e4ae2a0ce5
    # via -r packaging/macos/requirements-pins.txt
pyinstaller-hooks-contrib==2026.8 \
    --hash=sha256:4d825786ad7a9b7dbcc52d612748a34562fe273461bcfd88f4d549c594bbf8f9 \
    --hash=sha256:6d21d65323ea4467753afc21f52d7d0e69416ae8101dd88269bf273ad48db084
    # via
    #   -r packaging/macos/requirements-pins.txt
    #   pyinstaller
pyobjc-core==11.1 \
    --hash=sha256:18986f83998fbd5d3f56d8a8428b2f3e0754fd15cef3ef786ca0d29619024f2c \
    --hash=sha256:4a99e6558b48b8e47c092051e7b3be05df1c8d0617b62f6fa6a316c01902d157 \
    --hash=sha256:4c7536f3e94de0a3eae6bb382d75f1219280aa867cdf37beef39d9e7d580173c \
    --hash=sha256:765b97dea6b87ec4612b3212258024d8496ea23517c95a1c5f0735f96b7fd529 \
    --hash=sha256:8849e78cfe6595c4911fbba29683decfb0bf57a350aed8a43316976ba6f659d2 \
    --hash=sha256:8cb9ed17a8d84a312a6e8b665dd22393d48336ea1d8277e7ad20c19a38edf731 \
    --hash=sha256:b63d4d90c5df7e762f34739b39cc55bc63dbcf9fb2fb3f2671e528488c7a87fe \
    --hash=sha256:ec36680b5c14e2f73d432b03ba7c1457dc6ca70fa59fd7daea1073f2b4157d33 \
    --hash=sha256:f2455683e807f8541f0d83fbba0f5d9a46128ab0d5cc83ea208f0bec759b7f96
    # via
    #   -r packaging/macos/requirements-pins.txt
    #   pyobjc-framework-cocoa
    #   pyobjc-framework-quartz
pyobjc-framework-cocoa==11.1 \
    --hash=sha256:1b5de4e1757bb65689d6dc1f8d8717de9ec8587eb0c4831c134f13aba29f9b71 \
    --hash=sha256:54e93e1d9b0fc41c032582a6f0834befe1d418d73893968f3f450281b11603da \
    --hash=sha256:7b9a9b8ba07f5bf84866399e3de2aa311ed1c34d5d2788a995bdbe82cc36cfa0 \
    --hash=sha256:806de56f06dfba8f301a244cce289d54877c36b4b19818e3b53150eb7c2424d0 \
    --hash=sha256:87df76b9b73e7ca699a828ff112564b59251bb9bbe72e610e670a4dc9940d038 \
    --hash=sha256:aede53a1afc5433e1e7d66568cc52acceeb171b0a6005407a42e8e82580b4fc0 \
    --hash=sha256:b27a5bdb3ab6cdeb998443ff3fce194ffae5f518c6a079b832dbafc4426937f9 \
    --hash=sha256:bbee71eeb93b1b31ffbac8560b59a0524a8a4b90846a260d2c4f2188f3d4c721 \
    --hash=sha256:fd5245ee1997d93e78b72703be1289d75d88ff6490af94462b564892e9266350
    # via
    #   -r packaging/macos/requirements-pins.txt
    #   pyobjc-framework-quartz
pyobjc-framework-quartz==11.1 \
    --hash=sha256:07cbda78b4a8fcf3a2d96e047a2ff01f44e3e1820f46f0f4b3b6d77ff6ece07c \
    --hash=sha256:2d501fe95ef15d8acf587cb7dc4ab4be3c5a84e2252017da8dbb7df1bbe7a72a \
    --hash=sha256:39d02a3df4b5e3eee1e0da0fb150259476910d2a9aa638ab94153c24317a9561 \
    --hash=sha256:43a1138280571bbf44df27a7eef519184b5c4183a588598ebaaeb887b9e73e76 \
    --hash=sha256:9ac806067541917d6119b98d90390a6944e7d9bd737f5c0a79884202327c9204 \
    --hash=sha256:9b1f451ddb5243d8d6316af55f240a02b0fffbfe165bff325628bf73f3df7f44 \
    --hash=sha256:a57f35ccfc22ad48c87c5932818e583777ff7276605fef6afad0ac0741169f75 \
    --hash=sha256:b23d81c30c564adf6336e00b357f355b35aad10075dd7e837cfd52a9912863e5 \
    --hash=sha256:b5ef75c416b0209e25b2eb07a27bd7eedf14a8c6b2f968711969d45ceceb0f84
    # via -r packaging/macos/requirements-pins.txt
pyproject-hooks==1.3.3 \
    --hash=sha256:5fc53fdac9f7bd63fbcdc868fb5f90b4784d78a53a3d3388cd738b807441a20b \
    --hash=sha256:defda19b854fa0d3bd4f76ea4ddcba8abd7dcfcdd585a6690ade050744fc5f43
    # via
    #   -r packaging/macos/requirements-pins.txt
    #   build
pytest==8.4.2 \
    --hash=sha256:86c0d0b93306b961d58d62a4db4879f27fe25513d4b969df351abdddb3c30e01 \
    --hash=sha256:872f880de3fc3a5bdc88a11b39c9710c3497a547cfa9320bc3c5e62fbf272e79
    # via -r packaging/macos/requirements-pins.txt
questionary==2.1.1 \
    --hash=sha256:3d7e980292bb0107abaa79c68dd3eee3c561b83a0f89ae482860b181c8bd412d \
    --hash=sha256:a51af13f345f1cdea62347589fbb6df3b290306ab8930713bfae4d475a7d4a59
    # via -r packaging/macos/requirements-pins.txt
rich==14.2.0 \
    --hash=sha256:73ff50c7c0c1c77c8243079283f4edb376f0f6442433aecb8ce7e6d0b92d1fe4 \
    --hash=sha256:76bc51fe2e57d2b1be1f96c524b890b816e334ab4c1e45888799bfaab0021edd
    # via
    #   -r packaging/macos/requirements-pins.txt
    #   typer
ruff==0.14.4 \
    --hash=sha256:1043c6811c2419e39011890f14d0a30470f19d47d197c4858b2787dfa698f6c8 \
    --hash=sha256:26673da283b96fe35fa0c939bf8411abec47111644aa9f7cfbd3c573fb125d2c \
    --hash=sha256:456daa2fa1021bc86ca857f43fe29d5d8b3f0e55e9f90c58c317c1dcc2afc7b5 \
    --hash=sha256:5a443a83a1506c684e98acb8cb55abaf3ef725078be40237463dae4463366349 \
    --hash=sha256:643b69cb63cd996f1fc7229da726d07ac307eae442dd8974dbc7cf22c1e18fff \
    --hash=sha256:76158a7369b3979fa878612c623a7e5430c18b2fd1c73b214945c2d06337db67 \
    --hash=sha256:81b40d27924f1f02dfa827b9c0712a13c0e4b108421665322218fc38caf615c2 \
    --hash=sha256:9358d490ec030f1b51d048a7fd6ead418ed0826daf6149e95e30aa67c168af33 \
    --hash=sha256:95643ffd209ce78bc113266b88fba3d39e0461f0cbc8b55fb92505030fb4a850 \
    --hash=sha256:a9f3a936ac27fb7c2a93e4f4b943a662775879ac579a433291a6f69428722649 \
    --hash=sha256:aa082a8f878deeba955531f975881828fd6afd90dfa757c2b0808aadb437136e \
    --hash=sha256:c62da9a06779deecf4d17ed04939ae8b31b517643b26370c3be1d26f3ef7dbde \
    --hash=sha256:d99c0b52b6f0598acede45ee78288e5e9b4409d1ce7f661f0fa36d4cbeadf9a4 \
    --hash=sha256:dd09c292479596b0e6fec8cd95c65c3a6dc68e9ad17b8f2382130f87ff6a75bb \
    --hash=sha256:e6604613ffbcf2297cd5dcba0e0ac9bd0c11dc026442dfbb614504e87c349518 \
    --hash=sha256:f3b8f3b442d2b14c246e7aeca2e75915159e06a3540e2f4bed9f50d062d24469 \
    --hash=sha256:f459a49fe1085a749f15414ca76f61595f1a2cc8778ed7c279b6ca2e1fd19df3 \
    --hash=sha256:f5e649052a294fe00818650712083cddc6cc02744afaf37202c65df9ea52efa5 \
    --hash=sha256:f911bba769e4a9f51af6e70037bb72b70b45a16db5ce73e1f72aefe6f6d62132
    # via -r packaging/macos/requirements-pins.txt
setuptools==84.0.0 \
    --hash=sha256:51a52592b3b99e102b609654876bd65f19f999935166d1352678931132b0c670 \
    --hash=sha256:f4695c21257f0d9b537ec2692c941d02ee143b7cc1276941349a546573b2ef73
    # via
    #   -r packaging/macos/requirements-pins.txt
    #   pyinstaller
shellingham==1.5.4 \
    --hash=sha256:7ecfff8f2fd72616f7481040475a65b2bf8af90a56c89140852d1120324e8686 \
    --hash=sha256:8dbca0739d487e5bd35ab3ca4b36e11c4078f3a234bfce294b0a0291363404de
    # via
    #   -r packaging/macos/requirements-pins.txt
    #   typer
trove-classifiers==2026.9.21.13 \
    --hash=sha256:0a9ebc8d4e2f3e8a22848c5258033035bec17a3012ac3fea16dbaa764489eb71 \
    --hash=sha256:8b1ff4f9c191b1040b71c37f1e445ab99732911e3cd91de52838453a854d7a17
    # via
    #   -r packaging/macos/requirements-pins.txt
    #   hatchling
typer==0.20.0 \
    --hash=sha256:1aaf6494031793e4876fb0bacfa6a912b551cf43c1e63c800df8b1a866720c37 \
    --hash=sha256:5b463df6793ec1dca6213a3cf4c0f03bc6e322ac5e16e13ddd622a889489784a
    # via -r packaging/macos/requirements-pins.txt
typing-extensions==4.16.0 \
    --hash=sha256:481caa481374e813c1b176ada14e97f1f67a4539ce9cfeb3f350d78d6370c2e8 \
    --hash=sha256:dc983d19a509c94dba722ee6abd33940f7c05a89e243c47e907eb4db6f1a43e5
    # via
    #   -r packaging/macos/requirements-pins.txt
    #   typer
wcwidth==0.9.1 \
    --hash=sha256:03cfca3dcbffa86564290fe3c9978a6191ba003e8ced7f7dbda315fcb3fbe725 \
    --hash=sha256:0665ee822ea04e25801e6e82e5407528be0863e88a17b0e7ca038843a4a3ac0c \
    --hash=sha256:0d68a30d504c68cfdff2a5f804675c1e7ab4c0bbe878024c8b680ec5579cde67 \
    --hash=sha256:10b00ba23482e352f874d2e8135e7ace9da838646c7dd800566246bbd46125ff \
    --hash=sha256:356376852357b8fca71fe5415808ec421679e04b4a98eb7c9cb6a7984b911a05 \
    --hash=sha256:40d936d72c9bdc10df43f93a8be502bc5024b487259139f66a328722c07f34a9 \
    --hash=sha256:5823209b0d43af322ce698c689380d7c15ca31fa8e6e3be8459f27031bef0af5 \
    --hash=sha256:61bd7aef9cafb6cb77a37a169998d7928ce82a51522146d11f60db9e7d1cb43a \
    --hash=sha256:69bb970cf5652b88cfdb9d3fdd1764fc15e5f8ad531643e7bb3e894cd969740e \
    --hash=sha256:6e1272b7986cefe79783737e38bdb9eaae0682b333c7bd132024441193dd5ce7 \
    --hash=sha256:708158c082364af442f9983de7b6ec9ac0d2e1b825ada25f0911b1f138d55405 \
    --hash=sha256:747fb724223f417a17541a95a17c1dac3a8ef9a0cf41684950f0eab191a35f65 \
    --hash=sha256:991d1c8834f548e9c1f16432075ee84638e122312556bbf1ed595ea8fffc4673 \
    --hash=sha256:9f1636c5075ffd5c2e835b4561874f6e5dd2bbeba3c6c2c99f067d0d16883af8 \
    --hash=sha256:b5da43d6967668982e44a52fb551967d293f86d26cd86036ac95bbdd34394ed9 \
    --hash=sha256:bcb9ed4a367cc025bf1092ac679a156759605182d60b7ed3c28f7221a42ddf55 \
    --hash=sha256:c4cead196551112cb8f43cdd1f80c235ef2456e34b1a9955c424537ec99961b2 \
    --hash=sha256:dc10e262c3ac0abbfd0a2a51e45a848b1b7f500b21ff512630277973ba25674d \
    --hash=sha256:e0c3a1c45c5b9550c6919a4449e95f5b177f6e165786376981db8f1addae9b21 \
    --hash=sha256:eab587e18e7cadf1a750b0098fc8bebfb62c125eb9306f2268f0443a282a3d78 \
    --hash=sha256:fe021c4d8de9d36c31a0cb41d0d2546dadd3b0708a301f1a0c66ce200851831f
    # via
    #   -r packaging/macos/requirements-pins.txt
    #   prompt-toolkit
